Microsoft Visual Studio Solution File, Format Version 12.00
# Visual Studio Version 17
VisualStudioVersion = 17.5.2.0
MinimumVisualStudioVersion = 10.0.40219.1
Project("{FAE04EC0-301F-11D3-BF4B-00C04F79EFBC}") = "cns_presentacion", "cns_presentacion\cns_presentacion.csproj", "{D260CAAB-9E7F-938F-0799-19F2B25D43ED}"
EndProject
Global
	GlobalSection(SolutionConfigurationPlatforms) = preSolution
		Debug|Any CPU = Debug|Any CPU
		Release|Any CPU = Release|Any CPU
	EndGlobalSection
	GlobalSection(ProjectConfigurationPlatforms) = postSolution
		{D260CAAB-9E7F-938F-0799-19F2B25D43ED}.Debug|Any CPU.ActiveCfg = Debug|Any CPU
		{D260CAAB-9E7F-938F-0799-19F2B25D43ED}.Debug|Any CPU.Build.0 = Debug|Any CPU
		{D260CAAB-9E7F-938F-0799-19F2B25D43ED}.Release|Any CPU.ActiveCfg = Release|Any CPU
		{D260CAAB-9E7F-938F-0799-19F2B25D43ED}.Release|Any CPU.Build.0 = Release|Any CPU
	EndGlobalSection
	GlobalSection(SolutionProperties) = preSolution
		HideSolutionNode = FALSE
	EndGlobalSection
	GlobalSection(ExtensibilityGlobals) = postSolution
		SolutionGuid = {AA3590E5-EE79-44FF-BDF6-479B5F246269}
	EndGlobalSection
EndGlobal
